{
    "_meta": {
        "hash": {
            "sha256": "5e9ad7ca40c89527b20de1adc7ea8edd13b66fecfa90edebe699bb7d47e93831"
        },
        "pipfile-spec": 6,
        "requires": {
            "python_version": "3"
        },
        "sources": [
            {
                "name": "pypi",
                "url": "https://pypi.org/simple",
                "verify_ssl": true
            }
        ]
    },
    "default": {
        "black": {
            "hashes": [
                "sha256:0e48b87e03bf109288e55cfceadcfa15ff5470aca2851a851950ed2926f450d7",
                "sha256:1037d5ac7b7b310b2632ad867ec8d0e4c4819dcdb0b820f63135da746a24e418",
                "sha256:1ef92b76f7733f282fd096ea406200b5a286c42947412b0eaff3a74e3616cefe",
                "sha256:1f7ea64ebfa01b50f693508fc39f875e264446d3b097088f84f203b9d09618a0",
                "sha256:22f2cd76d069cc54c71f10360744ba8983fbb616903b4304a85b734915c8e1b4",
                "sha256:2b36cf2ddf5566e205f6535f782a62194a184d33e175b64ae8c40b1737522be3",
                "sha256:30d3c14661f2792e9142cce3eeeb1cbc175b3eb5f733be0c8eeb99651e52b0c3",
                "sha256:32d5ea7f6c8bdfa6e648326ebca1f02b0764e2a029edc6f8dce2627e19d468c3",
                "sha256:3915f256e75a2d7cf88d8953d37f780455dc586cc72dee059c528fe77f581217",
                "sha256:4ad6fa01f941920f54f2bbb35f3df7673428a0ef98a0b0840c2eaef3b110efa8",
                "sha256:4ed7f7da04046d2e488437170797d3b4a4ad83906683bcb7dfc68b673bbce5e2",
                "sha256:5119fa92ae61f786e8c3662fd60aece1d0a2dd5cca5d0c79417a95e7a4272a59",
                "sha256:577f21094ea469ef92ec1adaf2c9441a226d2144d01a5be2fa823cecf6543e50",
                "sha256:58b4bd92cf88aacf83d88479c8f9caee044b1ec55f2451a337354a7ea2590a22",
                "sha256:5c34b25da232ead53a6f335b76dbea124f4d152ad568b9080d6f944bc2b34b52",
                "sha256:87ed5c6f450580a2f6790bc7cbfb016dfc73bc750249762268a3695361315eef",
                "sha256:89c93167a74d3a75dfaa38a5c7cca015537d5820dd7f17d63267d674a61cae90",
                "sha256:96ae2c733b2aabdd9986e2c5df628ff3473676cd1c5faded1ff496cf6d74083c",
                "sha256:9942db8888e06943c5dde66ca0037dcff82a2a4ec1ad0ada9e0d2ee9d9823893",
                "sha256:9d98d4137277c75dfb898ec8d846c4fd68ba1e9cf77f95e2865c203dc18f4c3d",
                "sha256:a1dca32d9f1784af512a13410ec204c6f7f0aa9797a111c42e1c03449821c264",
                "sha256:dd321f668053961824bcc1be1cc1df748b2d7e4fa28086b08331e577b0100a73",
                "sha256:e1a26503279b6b310669fb0b219c39e4820b77e8189fe80f522bb511f247db0a",
                "sha256:e88976690a64b0af98312ca958415849cb42423423c5f2ee74af4b49a97a2168",
                "sha256:ea8d16dc41655aa113cd64665e7219446cd7e4ff2248d7178eaa905190c86b18",
                "sha256:ecb3e624844c798144e9bd986954e0adc81d8911a1f30f375e1252fe26e8c294",
                "sha256:ed1a20af114c301a0269bf01163d51dbef72737fd65f850001e7cbe7f3c7abae"
            ],
            "index": "pypi",
            "markers": "python_version >= '3.10'",
            "version": "==26.5.1"
        },
        "blessed": {
            "hashes": [
                "sha256:ea13e06ae40f24710325411c5fa9b689d215cf170276cf1fda41feddaec8d3e0",
                "sha256:f4df54a32289b6a3eaca49387b4f6823ba7e04ddb5ffa18f5e1fde44e8b79681"
            ],
            "markers": "python_version >= '3.8'",
            "version": "==1.47.0"
        },
        "check-sources": {
            "editable": true,
            "path": "."
        },
        "clang-format": {
            "hashes": [
                "sha256:0223471f781647d476ce0e09a0512521043343313e42932d900f97a15eacb510",
                "sha256:02ff8ad2e6a60554cc6b9b34310f71adb04da39e94302e08e3a655b77e4dd31c",
                "sha256:07312f8a74bda89b6ce32fae46c589cd7bb210a5d3fb2829a70e28ff449f5b80",
                "sha256:1fac18f32426c6fd7acde7087511bd80e2c549b2cd7477099582c216ae82fa63",
                "sha256:396f66b2237131ae7c5c9a9c34d50b1b9bee60ec6754e8b0dcb943850c747aa6",
                "sha256:41e00922840376f8d1239db8fb5bc6b1d313bd09752344a85b0f8071112e5c7e",
                "sha256:48c3b8dcfe9d4e964ced0e744e0f1f8ddc711bce92e50f6cab21e10f54857d08",
                "sha256:5fe6ad3e9399d589aff5ead432568a84cdcbbd621f1708340819efd74cbf8176",
                "sha256:61a23f4fc0ad1932e1b0300ca451108bf1e751eb89f478062d87f888db9190e6",
                "sha256:65df71f1eab12de161b9059483be55cb72490ec7fc7ca4915b5de49722a76a46",
                "sha256:734d22be5c9d3a72a841444817aae8168c8f4bdccb08de491f05673e42ec7304",
                "sha256:7763ce0f45b5ff0b5ca7a830d6061ce431dcb644211f9b2bb483bfa66d6c78ca",
                "sha256:8fc6139349a64f82d24396c815f5584f56da8912482dceadd9e5d7a3f8c17d6c",
                "sha256:a796192453ae56c61e975fc56ee7defb4187013fc3de798cbe608cfe326762aa",
                "sha256:b00cff6bfd1f1686f073a4fdf1cb937dbd58bf7510c659477805c03afdea0816",
                "sha256:c6d7382dd728431c0cecf3c7db6ac0904e162c7c18889696ab8dc0630ff9349b",
                "sha256:d1147107222c0dda3e4869e9e8c4a79f9ed1de83819e5274de42b82adf3d2129",
                "sha256:fc2ac5bd0ea41af49968fb69426207806d5f7016cb8f4bfbd44f4f1ffe8d53f2"
            ],
            "index": "pypi",
            "version": "==22.1.8"
        },
        "click": {
            "hashes": [
                "sha256:9a6cea6e60b17ebe0a44c5cc636d94f09bd66142c1cd7d8b4cd731c4917a15f6",
                "sha256:e6f9f66136c816745b9d65817da91d61d957fb16e02e4dcd0552553c5a197b76"
            ],
            "markers": "python_version >= '3.10'",
            "version": "==8.4.2"
        },
        "cmake-format": {
            "hashes": [
                "sha256:1a48b779067ecca68c498691d07d5c9d3df9803a7e0c5b641128fa6efe5ae489",
                "sha256:ec7ed949101e5f0b7bc19317d122b83ccbc28fd766c41c93094845719667c56e"
            ],
            "index": "pypi",
            "version": "==0.6.13"
        },
        "cmakelang": {
            "hashes": [
                "sha256:03982e87b00654d024d73ef972d9d9bb0e5726cdb6b8a424a15661fb6278e67f",
                "sha256:764b9467195c7c36453d60a829f30229720d26c7dffd41cb516b99bd9c7daf4e"
            ],
            "version": "==0.6.13"
        },
        "enlighten": {
            "hashes": [
                "sha256:5fbd0c959ca1644034c41bb0ace5db19c9852cf9d721b6103f5f130663c57be8",
                "sha256:85c35412a9a4f3886b3337d41f813441fab9a30d9f5b5f0c015bd078a4411473"
            ],
            "index": "pypi",
            "version": "==1.14.1"
        },
        "gitdb": {
            "hashes": [
                "sha256:5ef71f855d191a3326fcfbc0d5da835f26b13fbcba60c32c21091c349ffdb571",
                "sha256:67073e15955400952c6565cc3e707c554a4eea2e428946f7a4c162fab9bd9bcf"
            ],
            "markers": "python_version >= '3.7'",
            "version": "==4.0.12"
        },
        "gitpython": {
            "hashes": [
                "sha256:4ccf7d73c10f5c9e76043fbb2675ac5a1b3ff5b41e648f56bcbed5f63792ecaf",
                "sha256:c493ec57c0ef6b19743798b6a5af859c71814b524e7e6f97baa2f8e658961488"
            ],
            "index": "pypi",
            "markers": "python_version >= '3.7'",
            "version": "==3.1.57"
        },
        "importlib-resources": {
            "hashes": [
                "sha256:0722d4c6212489c530f2a145a34c0a7a3b4721bc96a15fada5930e2a0b760708",
                "sha256:1bd7b48b4088eddb2cd16382150bb515af0bd2c70128194392725f82ad2c96a1"
            ],
            "index": "pypi",
            "markers": "python_version >= '3.10'",
            "version": "==7.1.0"
        },
        "infer-license": {
            "hashes": [
                "sha256:05aa3f5b64053d2defba2ecf9f495615b03f0ec0a3a7b165eeee83565070b896",
                "sha256:23de3988a35513e8cea925ff500e70e1f7df52ad25dc8ca80c0d4609632c4f93"
            ],
            "index": "pypi",
            "markers": "python_version >= '3.10'",
            "version": "==0.2.0"
        },
        "jinxed": {
            "hashes": [
                "sha256:43b802d18b70e405d410fb66eb2837d1101e7e5ea922e666507bb43f34d11d09",
                "sha256:7e755b831faa2443d44fb4ce7c0202eb9c3ed39bd5bf1193365888f4f6092b54"
            ],
            "version": "==2.1.0"
        },
        "mypy-extensions": {
            "hashes": [
                "sha256:1be4cccdb0f2482337c4743e60421de3a356cd97508abadd57d47403e94f5505",
                "sha256:52e68efc3284861e772bbcd66823fde5ae21fd2fdb51c62a211403730b916558"
            ],
            "markers": "python_version >= '3.8'",
            "version": "==1.1.0"
        },
        "packaging": {
            "hashes": [
                "sha256:5fc45236b9446107ff2415ce77c807cee2862cb6fac22b8a73826d0693b0980e",
                "sha256:ff452ff5a3e828ce110190feff1178bb1f2ea2281fa2075aadb987c2fb221661"
            ],
            "markers": "python_version >= '3.8'",
            "version": "==26.2"
        },
        "pathspec": {
            "hashes": [
                "sha256:17db5ecd524104a120e173814c90367a96a98d07c45b2e10c2f3919fff91bf5a",
                "sha256:a00ce642f577bf7f473932318056212bc4f8bfdf53128c78bbd5af0b9b20b189"
            ],
            "markers": "python_version >= '3.9'",
            "version": "==1.1.1"
        },
        "platformdirs": {
            "hashes": [
                "sha256:0555d18370482847566ffabcaa53ad7c6c1c29f195989ae1ed634a05f76ea1e0",
                "sha256:360ccded2b7fce0af0ff80cc8f5942a1c5d99b0e856033acb030bfc634709e74"
            ],
            "markers": "python_version >= '3.10'",
            "version": "==4.11.0"
        },
        "prefixed": {
            "hashes": [
                "sha256:164403fa9ebc83280bbc4705f4b243a28837e164310b4e65c38ccab1ebafeeb3",
                "sha256:3cdb74bfc4cf0aba28f3574662b13afdcac27c463dcbef320fe5d03f4c5fbca8"
            ],
            "version": "==0.9.0"
        },
        "python-magic": {
            "hashes": [
                "sha256:c1ba14b08e4a5f5c31a302b7721239695b2f0f058d125bd5ce1ee36b9d9d3c3b",
                "sha256:c212960ad306f700aa0d01e5d7a325d20548ff97eb9920dcd29513174f0294d3"
            ],
            "index": "pypi",
            "markers": "python_version >= '2.7' and python_version not in '3.0, 3.1, 3.2, 3.3, 3.4'",
            "version": "==0.4.27"
        },
        "pytokens": {
            "hashes": [
                "sha256:0fc71786e629cef478cbf29d7ea1923299181d0699dbe7c3c0f4a583811d9fc1",
                "sha256:11edda0942da80ff58c4408407616a310adecae1ddd22eef8c692fe266fa5009",
                "sha256:140709331e846b728475786df8aeb27d24f48cbcf7bcd449f8de75cae7a45083",
                "sha256:24afde1f53d95348b5a0eb19488661147285ca4dd7ed752bbc3e1c6242a304d1",
                "sha256:26cef14744a8385f35d0e095dc8b3a7583f6c953c2e3d269c7f82484bf5ad2de",
                "sha256:27b83ad28825978742beef057bfe406ad6ed524b2d28c252c5de7b4a6dd48fa2",
                "sha256:292052fe80923aae2260c073f822ceba21f3872ced9a68bb7953b348e561179a",
                "sha256:29d1d8fb1030af4d231789959f21821ab6325e463f0503a61d204343c9b355d1",
                "sha256:2a44ed93ea23415c54f3face3b65ef2b844d96aeb3455b8a69b3df6beab6acc5",
                "sha256:30f51edd9bb7f85c748979384165601d028b84f7bd13fe14d3e065304093916a",
                "sha256:34bcc734bd2f2d5fe3b34e7b3c0116bfb2397f2d9666139988e7a3eb5f7400e3",
                "sha256:3ad72b851e781478366288743198101e5eb34a414f1d5627cdd585ca3b25f1db",
                "sha256:3f901fe783e06e48e8cbdc82d631fca8f118333798193e026a50ce1b3757ea68",
                "sha256:42f144f3aafa5d92bad964d471a581651e28b24434d184871bd02e3a0d956037",
                "sha256:4a14d5f5fc78ce85e426aa159489e2d5961acf0e47575e08f35584009178e321",
                "sha256:4a58d057208cb9075c144950d789511220b07636dd2e4708d5645d24de666bdc",
                "sha256:4e691d7f5186bd2842c14813f79f8884bb03f5995f0575272009982c5ac6c0f7",
                "sha256:5502408cab1cb18e128570f8d598981c68a50d0cbd7c61312a90507cd3a1276f",
                "sha256:584c80c24b078eec1e227079d56dc22ff755e0ba8654d8383b2c549107528918",
                "sha256:5ad948d085ed6c16413eb5fec6b3e02fa00dc29a2534f088d3302c47eb59adf9",
                "sha256:670d286910b531c7b7e3c0b453fd8156f250adb140146d234a82219459b9640c",
                "sha256:682fa37ff4d8e95f7df6fe6fe6a431e8ed8e788023c6bcc0f0880a12eab80ad1",
                "sha256:6d6c4268598f762bc8e91f5dbf2ab2f61f7b95bdc07953b602db879b3c8c18e1",
                "sha256:79fc6b8699564e1f9b521582c35435f1bd32dd06822322ec44afdeba666d8cb3",
                "sha256:8bdb9d0ce90cbf99c525e75a2fa415144fd570a1ba987380190e8b786bc6ef9b",
                "sha256:8fcb9ba3709ff77e77f1c7022ff11d13553f3c30299a9fe246a166903e9091eb",
                "sha256:941d4343bf27b605e9213b26bfa1c4bf197c9c599a9627eb7305b0defcfe40c1",
                "sha256:967cf6e3fd4adf7de8fc73cd3043754ae79c36475c1c11d514fc72cf5490094a",
                "sha256:970b08dd6b86058b6dc07efe9e98414f5102974716232d10f32ff39701e841c4",
                "sha256:97f50fd18543be72da51dd505e2ed20d2228c74e0464e4262e4899797803d7fa",
                "sha256:9bd7d7f544d362576be74f9d5901a22f317efc20046efe2034dced238cbbfe78",
                "sha256:add8bf86b71a5d9fb5b89f023a80b791e04fba57960aa790cc6125f7f1d39dfe",
                "sha256:b35d7e5ad269804f6697727702da3c517bb8a5228afa450ab0fa787732055fc9",
                "sha256:b49750419d300e2b5a3813cf229d4e5a4c728dae470bcc89867a9ad6f25a722d",
                "sha256:d31b97b3de0f61571a124a00ffe9a81fb9939146c122c11060725bd5aea79975",
                "sha256:d70e77c55ae8380c91c0c18dea05951482e263982911fc7410b1ffd1dadd3440",
                "sha256:d9907d61f15bf7261d7e775bd5d7ee4d2930e04424bab1972591918497623a16",
                "sha256:da5baeaf7116dced9c6bb76dc31ba04a2dc3695f3d9f74741d7910122b456edc",
                "sha256:dc74c035f9bfca0255c1af77ddd2d6ae8419012805453e4b0e7513e17904545d",
                "sha256:dcafc12c30dbaf1e2af0490978352e0c4041a7cde31f4f81435c2a5e8b9cabb6",
                "sha256:ee44d0f85b803321710f9239f335aafe16553b39106384cef8e6de40cb4ef2f6",
                "sha256:f66a6bbe741bd431f6d741e617e0f39ec7257ca1f89089593479347cc4d13324"
            ],
            "markers": "python_version >= '3.8'",
            "version": "==0.4.1"
        },
        "pyyaml": {
            "hashes": [
                "sha256:00c4bdeba853cc34e7dd471f16b4114f4162dc03e6b7afcc2128711f0eca823c",
                "sha256:0150219816b6a1fa26fb4699fb7daa9caf09eb1999f3b70fb6e786805e80375a",
                "sha256:02893d100e99e03eda1c8fd5c441d8c60103fd175728e23e431db1b589cf5ab3",
                "sha256:02ea2dfa234451bbb8772601d7b8e426c2bfa197136796224e50e35a78777956",
                "sha256:0f29edc409a6392443abf94b9cf89ce99889a1dd5376d94316ae5145dfedd5d6",
                "sha256:10892704fc220243f5305762e276552a0395f7beb4dbf9b14ec8fd43b57f126c",
                "sha256:16249ee61e95f858e83976573de0f5b2893b3677ba71c9dd36b9cf8be9ac6d65",
                "sha256:1d37d57ad971609cf3c53ba6a7e365e40660e3be0e5175fa9f2365a379d6095a",
                "sha256:1ebe39cb5fc479422b83de611d14e2c0d3bb2a18bbcb01f229ab3cfbd8fee7a0",
                "sha256:214ed4befebe12df36bcc8bc2b64b396ca31be9304b8f59e25c11cf94a4c033b",
                "sha256:2283a07e2c21a2aa78d9c4442724ec1eb15f5e42a723b99cb3d822d48f5f7ad1",
                "sha256:22ba7cfcad58ef3ecddc7ed1db3409af68d023b7f940da23c6c2a1890976eda6",
                "sha256:27c0abcb4a5dac13684a37f76e701e054692a9b2d3064b70f5e4eb54810553d7",
                "sha256:28c8d926f98f432f88adc23edf2e6d4921ac26fb084b028c733d01868d19007e",
                "sha256:2e71d11abed7344e42a8849600193d15b6def118602c4c176f748e4583246007",
                "sha256:34d5fcd24b8445fadc33f9cf348c1047101756fd760b4dacb5c3e99755703310",
                "sha256:37503bfbfc9d2c40b344d06b2199cf0e96e97957ab1c1b546fd4f87e53e5d3e4",
                "sha256:3c5677e12444c15717b902a5798264fa7909e41153cdf9ef7ad571b704a63dd9",
                "sha256:3ff07ec89bae51176c0549bc4c63aa6202991da2d9a6129d7aef7f1407d3f295",
                "sha256:41715c910c881bc081f1e8872880d3c650acf13dfa8214bad49ed4cede7c34ea",
                "sha256:418cf3f2111bc80e0933b2cd8cd04f286338bb88bdc7bc8e6dd775ebde60b5e0",
                "sha256:44edc647873928551a01e7a563d7452ccdebee747728c1080d881d68af7b997e",
                "sha256:4a2e8cebe2ff6ab7d1050ecd59c25d4c8bd7e6f400f5f82b96557ac0abafd0ac",
                "sha256:4ad1906908f2f5ae4e5a8ddfce73c320c2a1429ec52eafd27138b7f1cbe341c9",
                "sha256:501a031947e3a9025ed4405a168e6ef5ae3126c59f90ce0cd6f2bfc477be31b7",
                "sha256:5190d403f121660ce8d1d2c1bb2ef1bd05b5f68533fc5c2ea899bd15f4399b35",
                "sha256:5498cd1645aa724a7c71c8f378eb29ebe23da2fc0d7a08071d89469bf1d2defb",
                "sha256:5cf4e27da7e3fbed4d6c3d8e797387aaad68102272f8f9752883bc32d61cb87b",
                "sha256:5e0b74767e5f8c593e8c9b5912019159ed0533c70051e9cce3e8b6aa699fcd69",
                "sha256:5ed875a24292240029e4483f9d4a4b8a1ae08843b9c54f43fcc11e404532a8a5",
                "sha256:5fcd34e47f6e0b794d17de1b4ff496c00986e1c83f7ab2fb8fcfe9616ff7477b",
                "sha256:5fdec68f91a0c6739b380c83b951e2c72ac0197ace422360e6d5a959d8d97b2c",
                "sha256:6344df0d5755a2c9a276d4473ae6b90647e216ab4757f8426893b5dd2ac3f369",
                "sha256:64386e5e707d03a7e172c0701abfb7e10f0fb753ee1d773128192742712a98fd",
                "sha256:652cb6edd41e718550aad172851962662ff2681490a8a711af6a4d288dd96824",
                "sha256:66291b10affd76d76f54fad28e22e51719ef9ba22b29e1d7d03d6777a9174198",
                "sha256:66e1674c3ef6f541c35191caae2d429b967b99e02040f5ba928632d9a7f0f065",
                "sha256:6adc77889b628398debc7b65c073bcb99c4a0237b248cacaf3fe8a557563ef6c",
                "sha256:79005a0d97d5ddabfeeea4cf676af11e647e41d81c9a7722a193022accdb6b7c",
                "sha256:7c6610def4f163542a622a73fb39f534f8c101d690126992300bf3207eab9764",
                "sha256:7f047e29dcae44602496db43be01ad42fc6f1cc0d8cd6c83d342306c32270196",
                "sha256:8098f252adfa6c80ab48096053f512f2321f0b998f98150cea9bd23d83e1467b",
                "sha256:850774a7879607d3a6f50d36d04f00ee69e7fc816450e5f7e58d7f17f1ae5c00",
                "sha256:8d1fab6bb153a416f9aeb4b8763bc0f22a5586065f86f7664fc23339fc1c1fac",
                "sha256:8da9669d359f02c0b91ccc01cac4a67f16afec0dac22c2ad09f46bee0697eba8",
                "sha256:8dc52c23056b9ddd46818a57b78404882310fb473d63f17b07d5c40421e47f8e",
                "sha256:9149cad251584d5fb4981be1ecde53a1ca46c891a79788c0df828d2f166bda28",
                "sha256:93dda82c9c22deb0a405ea4dc5f2d0cda384168e466364dec6255b293923b2f3",
                "sha256:96b533f0e99f6579b3d4d4995707cf36df9100d67e0c8303a0c55b27b5f99bc5",
                "sha256:9c57bb8c96f6d1808c030b1687b9b5fb476abaa47f0db9c0101f5e9f394e97f4",
                "sha256:9c7708761fccb9397fe64bbc0395abcae8c4bf7b0eac081e12b809bf47700d0b",
                "sha256:9f3bfb4965eb874431221a3ff3fdcddc7e74e3b07799e0e84ca4a0f867d449bf",
                "sha256:a33284e20b78bd4a18c8c2282d549d10bc8408a2a7ff57653c0cf0b9be0afce5",
                "sha256:a80cb027f6b349846a3bf6d73b5e95e782175e52f22108cfa17876aaeff93702",
                "sha256:b30236e45cf30d2b8e7b3e85881719e98507abed1011bf463a8fa23e9c3e98a8",
                "sha256:b3bc83488de33889877a0f2543ade9f70c67d66d9ebb4ac959502e12de895788",
                "sha256:b865addae83924361678b652338317d1bd7e79b1f4596f96b96c77a5a34b34da",
                "sha256:b8bb0864c5a28024fac8a632c443c87c5aa6f215c0b126c449ae1a150412f31d",
                "sha256:ba1cc08a7ccde2d2ec775841541641e4548226580ab850948cbfda66a1befcdc",
                "sha256:bdb2c67c6c1390b63c6ff89f210c8fd09d9a1217a465701eac7316313c915e4c",
                "sha256:c1ff362665ae507275af2853520967820d9124984e0f7466736aea23d8611fba",
                "sha256:c2514fceb77bc5e7a2f7adfaa1feb2fb311607c9cb518dbc378688ec73d8292f",
                "sha256:c3355370a2c156cffb25e876646f149d5d68f5e0a3ce86a5084dd0b64a994917",
                "sha256:c458b6d084f9b935061bc36216e8a69a7e293a2f1e68bf956dcd9e6cbcd143f5",
                "sha256:d0eae10f8159e8fdad514efdc92d74fd8d682c933a6dd088030f3834bc8e6b26",
                "sha256:d76623373421df22fb4cf8817020cbb7ef15c725b9d5e45f17e189bfc384190f",
                "sha256:ebc55a14a21cb14062aa4162f906cd962b28e2e9ea38f9b4391244cd8de4ae0b",
                "sha256:eda16858a3cab07b80edaf74336ece1f986ba330fdb8ee0d6c0d68fe82bc96be",
                "sha256:ee2922902c45ae8ccada2c5b501ab86c36525b883eff4255313a253a3160861c",
                "sha256:efd7b85f94a6f21e4932043973a7ba2613b059c4a000551892ac9f1d11f5baf3",
                "sha256:f7057c9a337546edc7973c0d3ba84ddcdf0daa14533c2065749c9075001090e6",
                "sha256:fa160448684b4e94d80416c0fa4aac48967a969efe22931448d853ada8baf926",
                "sha256:fc09d0aa354569bc501d4e787133afc08552722d3ab34836a80547331bb5d4a0"
            ],
            "index": "pypi",
            "markers": "python_version >= '3.8'",
            "version": "==6.0.3"
        },
        "shfmt-py": {
            "hashes": [
                "sha256:1e5fdacf40aabaa77a97639d52a6220df0893b46658d82b7f136f4e66e2b2fb0",
                "sha256:4701336c3cb5f3959a5e85481b14f02054ea094b3c666f3d04649bbe10de3c25",
                "sha256:75a4919a03fb3bcff9795e3cc7b971e37e74905654d2f11605001cab42e5f92f",
                "sha256:bb3d236163ff39c7790953e069938caf247e7646399f7a059f00f65d4e6916d6",
                "sha256:bd4f3d36264d4ba8b014ff73e5e702aaa2345845c021f563480128de3705135b",
                "sha256:e57877abe0177a9da7bbb5390fe7e96aa19b00958189a025634039aef8834d44"
            ],
            "index": "pypi",
            "markers": "python_version >= '3.9'",
            "version": "==4.0.0"
        },
        "six": {
            "hashes": [
                "sha256:4721f391ed90541fddacab5acf947aa0d3dc7d27b2e1e8eda2be8970586c3274",
                "sha256:ff70335d468e7eb6ec65b95b99d3a2836546063f63acc5171de367e834932a81"
            ],
            "markers": "python_version >= '2.7' and python_version not in '3.0, 3.1, 3.2, 3.3'",
            "version": "==1.17.0"
        },
        "smmap": {
            "hashes": [
                "sha256:4d9debb8b99007ae47165abc08670bd74cb74b5227dda7f643eccc4e9eb5642c",
                "sha256:c106e05d5a61449cf6ba9a1e650227ecfb141590d2a98412103ff35d89fc7b2f"
            ],
            "markers": "python_version >= '3.7'",
            "version": "==5.0.3"
        },
        "wcwidth": {
            "hashes": [
                "sha256:91fbef97204b96a3d4d421609b80340b760cf33e26da123ff243d76b1fda8dda",
                "sha256:d63947694a0539a1d51e01eda7caf800c291020e6cdd7e28ad7b14dd33ad4f85"
            ],
            "markers": "python_version >= '3.8'",
            "version": "==0.8.2"
        }
    },
    "develop": {}
}
