{
    "_meta": {
        "hash": {
            "sha256": "96d41e8280af3e0f5b25ae4e0ecf03ed22d19f239c32f6d7803c32ed33c08056"
        },
        "pipfile-spec": 6,
        "requires": {
            "python_version": "3"
        },
        "sources": [
            {
                "name": "pypi",
                "url": "https://pypi.org/simple",
                "verify_ssl": true
            }
        ]
    },
    "default": {
        "black": {
            "hashes": [
                "sha256:0b945a5a1e5a5321f884de0061d5a8585d947c9b608e37b6d26ceee4dfdf4b62",
                "sha256:4db1d8027ce7ae53f0ccf02b0be0b8808fefb291d6cb1543420f4165d96d364c",
                "sha256:5fb7641d442ede92538bc70fa0201f884753a7d0f62f26c722b7b00301b95902",
                "sha256:63330069d8ec909cf4e2c4d43a7f00aeb03335430ef9fec6cd2328e6ebde8a77",
                "sha256:793c9176beb2adf295f6b863d9a4dc953fe2ac359ca3da108d71d14cb2c09e52",
                "sha256:85dede655442f5e246e7abd667fe07e14916897ba52f3640b5489bf11f7dbf67",
                "sha256:88288a645402106b8eb9f50d7340ae741e16240bb01c2eed8466549153daa96e",
                "sha256:88ec25a64063945b4591b6378bead544c5d3260de1c93ad96f3ad2d76ddd76fd",
                "sha256:8dff6f0157e47fbbeada046fca144b6557d3be2fb2602d668881cd179f04a352",
                "sha256:ca658b69260a18bf7aa0b0a6562dbbd304a737487d1318998aaca5a75901fd2c",
                "sha256:ddbf9da228726d46f45c29024263e160d41030a415097254817d65127012d1a2",
                "sha256:e88e4b633d64b9e7adc4a6b922f52bb204af9f90d7b1e3317e6490f2b598b1ea"
            ],
            "index": "pypi",
            "version": "==23.1a1"
        },
        "blessed": {
            "hashes": [
                "sha256:63b8554ae2e0e7f43749b6715c734cc8f3883010a809bf16790102563e6cf25b",
                "sha256:9a0d099695bf621d4680dd6c73f6ad547f6a3442fbdbe80c4b1daa1edbc492fc"
            ],
            "markers": "python_version >= '2.7'",
            "version": "==1.19.1"
        },
        "check-sources": {
            "editable": true,
            "path": "."
        },
        "clang-format": {
            "hashes": [
                "sha256:09dc33e84130191b6d84a90f17eb1908d66ed017996286cd73f8bc8644ebcaa3",
                "sha256:11726ce980911c69e9ae6b5cff8e2b929f5b6ad6ae2b8e1d22c0a0e4ee181161",
                "sha256:264185941e5cc8a365f0a46053ecb1cc10faa09528046b239b0e656daa25c9d0",
                "sha256:391de75991a659605a8c9541aa0c2521ddfbf49411115ce9dd6b6ad048048775",
                "sha256:486fc960fd13e18c9ab6cedac319ba44aa062a32eb34ff745575da0e21efd3d3",
                "sha256:4a5e12fdcba54eb2429877577f5ef5c1cc00b2673836d9c68f80012736df2d6a",
                "sha256:7c3505b805b566d134c23b4b77c9c7995fb05b8ae219dcd3198240d8596588e2",
                "sha256:c7a35fe24c9435a4e66920820c8fc94870616320aad0da0ded8e11612da7f50f"
            ],
            "index": "pypi",
            "version": "==15.0.6"
        },
        "click": {
            "hashes": [
                "sha256:7682dc8afb30297001674575ea00d1814d808d6a36af415a82bd481d37ba7b8e",
                "sha256:bb4d8133cb15a609f44e8213d9b391b0809795062913b383c62be0ee95b1db48"
            ],
            "markers": "python_version >= '3.7'",
            "version": "==8.1.3"
        },
        "cmake-format": {
            "hashes": [
                "sha256:1a48b779067ecca68c498691d07d5c9d3df9803a7e0c5b641128fa6efe5ae489",
                "sha256:ec7ed949101e5f0b7bc19317d122b83ccbc28fd766c41c93094845719667c56e"
            ],
            "index": "pypi",
            "version": "==0.6.13"
        },
        "cmakelang": {
            "hashes": [
                "sha256:03982e87b00654d024d73ef972d9d9bb0e5726cdb6b8a424a15661fb6278e67f",
                "sha256:764b9467195c7c36453d60a829f30229720d26c7dffd41cb516b99bd9c7daf4e"
            ],
            "version": "==0.6.13"
        },
        "enlighten": {
            "hashes": [
                "sha256:57abd98a3d3f83484ef9f91f9255f4d23c8b3097ecdb647c7b9b0049d600b7f8",
                "sha256:e825eb534ca80778bb7d46e5581527b2a6fae559b6cf09e290a7952c6e11961e"
            ],
            "index": "pypi",
            "version": "==1.11.1"
        },
        "gitdb": {
            "hashes": [
                "sha256:6eb990b69df4e15bad899ea868dc46572c3f75339735663b81de79b06f17eb9a",
                "sha256:c286cf298426064079ed96a9e4a9d39e7f3e9bf15ba60701e95f5492f28415c7"
            ],
            "markers": "python_version >= '3.7'",
            "version": "==4.0.10"
        },
        "gitpython": {
            "hashes": [
                "sha256:769c2d83e13f5d938b7688479da374c4e3d49f71549aaf462b646db9602ea6f8",
                "sha256:cd455b0000615c60e286208ba540271af9fe531fa6a87cc590a7298785ab2882"
            ],
            "index": "pypi",
            "version": "==3.1.30"
        },
        "importlib-resources": {
            "hashes": [
                "sha256:7d543798b0beca10b6a01ac7cafda9f822c54db9e8376a6bf57e0cbd74d486b6",
                "sha256:e4a96c8cc0339647ff9a5e0550d9f276fc5a01ffa276012b58ec108cfd7b8484"
            ],
            "index": "pypi",
            "version": "==5.10.2"
        },
        "mypy-extensions": {
            "hashes": [
                "sha256:090fedd75945a69ae91ce1303b5824f428daf5a028d2f6ab8a299250a846f15d",
                "sha256:2d82818f5bb3e369420cb3c4060a7970edba416647068eb4c5343488a6c604a8"
            ],
            "version": "==0.4.3"
        },
        "pathspec": {
            "hashes": [
                "sha256:3c95343af8b756205e2aba76e843ba9520a24dd84f68c22b9f93251507509dd6",
                "sha256:56200de4077d9d0791465aa9095a01d421861e405b5096955051deefd697d6f6"
            ],
            "markers": "python_version >= '3.7'",
            "version": "==0.10.3"
        },
        "platformdirs": {
            "hashes": [
                "sha256:83c8f6d04389165de7c9b6f0c682439697887bca0aa2f1c87ef1826be3584490",
                "sha256:e1fea1fe471b9ff8332e229df3cb7de4f53eeea4998d3b6bfff542115e998bd2"
            ],
            "markers": "python_version >= '3.7'",
            "version": "==2.6.2"
        },
        "prefixed": {
            "hashes": [
                "sha256:b134d734136250b17b68eede65a3370fab0134412cb66bc8be3568ff05bdf8e4",
                "sha256:debab03014863087eb013750a2e71daa5f6a295cee46b44ba1b90d7262c1b92d"
            ],
            "version": "==0.5.0"
        },
        "python-magic": {
            "hashes": [
                "sha256:c1ba14b08e4a5f5c31a302b7721239695b2f0f058d125bd5ce1ee36b9d9d3c3b",
                "sha256:c212960ad306f700aa0d01e5d7a325d20548ff97eb9920dcd29513174f0294d3"
            ],
            "index": "pypi",
            "version": "==0.4.27"
        },
        "six": {
            "hashes": [
                "sha256:1e61c37477a1626458e36f7b1d82aa5c9b094fa4802892072e49de9c60c4c926",
                "sha256:8abb2f1d86890a2dfb989f9a77cfcfd3e47c2a354b01111771326f8aa26e0254"
            ],
            "markers": "python_version >= '2.7' and python_version not in '3.0, 3.1, 3.2'",
            "version": "==1.16.0"
        },
        "smmap": {
            "hashes": [
                "sha256:2aba19d6a040e78d8b09de5c57e96207b09ed71d8e55ce0959eeee6c8e190d94",
                "sha256:c840e62059cd3be204b0c9c9f74be2c09d5648eddd4580d9314c3ecde0b30936"
            ],
            "markers": "python_version >= '3.6'",
            "version": "==5.0.0"
        },
        "tomli": {
            "hashes": [
                "sha256:939de3e7a6161af0c887ef91b7d41a53e7c5a1ca976325f429cb46ea9bc30ecc",
                "sha256:de526c12914f0c550d15924c62d72abc48d6fe7364aa87328337a31007fe8a4f"
            ],
            "markers": "python_version < '3.11'",
            "version": "==2.0.1"
        },
        "typing-extensions": {
            "hashes": [
                "sha256:1511434bb92bf8dd198c12b1cc812e800d4181cfcb867674e0f8279cc93087aa",
                "sha256:16fa4864408f655d35ec496218b85f79b3437c829e93320c7c9215ccfd92489e"
            ],
            "markers": "python_version < '3.10'",
            "version": "==4.4.0"
        },
        "wcwidth": {
            "hashes": [
                "sha256:beb4802a9cebb9144e99086eff703a642a13d6a0052920003a230f3294bbe784",
                "sha256:c4d647b99872929fdb7bdcaa4fbe7f01413ed3d98077df798530e5b04f116c83"
            ],
            "version": "==0.2.5"
        },
        "zipp": {
            "hashes": [
                "sha256:83a28fcb75844b5c0cdaf5aa4003c2d728c77e05f5aeabe8e95e56727005fbaa",
                "sha256:a7a22e05929290a67401440b39690ae6563279bced5f314609d9d03798f56766"
            ],
            "markers": "python_version < '3.10'",
            "version": "==3.11.0"
        }
    },
    "develop": {}
}
