
Microsoft Visual Studio Solution File, Format Version 9.00
# Visual Studio 2005
Project("{8BC9CEB8-8B4A-11D0-8D11-00A0C91BC942}") = "wx-console", "wx-console\wx-console.vcproj", "{9BA8E10D-0D82-4B25-8543-DE34641FBC10}"
	ProjectSection(ProjectDependencies) = postProject
		{2D729599-C008-4154-BCCB-53E6A260F220} = {2D729599-C008-4154-BCCB-53E6A260F220}
	EndProjectSection
EndProject
Project("{8BC9CEB8-8B4A-11D0-8D11-00A0C91BC942}") = "console", "console\console.vcproj", "{A0F65E06-9F18-40AC-81F6-A080852F1104}"
	ProjectSection(ProjectDependencies) = postProject
		{2D729599-C008-4154-BCCB-53E6A260F220} = {2D729599-C008-4154-BCCB-53E6A260F220}
	EndProjectSection
EndProject
Project("{8BC9CEB8-8B4A-11D0-8D11-00A0C91BC942}") = "fstype", "tools\fstype\fstype.vcproj", "{AAF33ADD-A4F9-4BCA-B7F9-0C35C843CC7E}"
	ProjectSection(ProjectDependencies) = postProject
		{2D729599-C008-4154-BCCB-53E6A260F220} = {2D729599-C008-4154-BCCB-53E6A260F220}
	EndProjectSection
EndProject
Project("{8BC9CEB8-8B4A-11D0-8D11-00A0C91BC942}") = "libbac", "libbac\libbac.vcproj", "{374BF775-AF68-4A88-814A-48F692DFFE5A}"
EndProject
Project("{8BC9CEB8-8B4A-11D0-8D11-00A0C91BC942}") = "drivetype", "tools\drivetype\drivetype.vcproj", "{E5BC5B2E-976D-4DED-AA07-5DD52BF2163F}"
	ProjectSection(ProjectDependencies) = postProject
		{2D729599-C008-4154-BCCB-53E6A260F220} = {2D729599-C008-4154-BCCB-53E6A260F220}
	EndProjectSection
EndProject
Project("{8BC9CEB8-8B4A-11D0-8D11-00A0C91BC942}") = "testfind", "tools\testfind\testfind.vcproj", "{558838F9-D792-4F56-AAB2-99C03687C5FF}"
	ProjectSection(ProjectDependencies) = postProject
		{2D729599-C008-4154-BCCB-53E6A260F220} = {2D729599-C008-4154-BCCB-53E6A260F220}
	EndProjectSection
EndProject
Project("{8BC9CEB8-8B4A-11D0-8D11-00A0C91BC942}") = "testls", "tools\testls\testls.vcproj", "{28FB58CE-AB8C-4C60-83DA-BC1BFCC59BFF}"
	ProjectSection(ProjectDependencies) = postProject
		{2D729599-C008-4154-BCCB-53E6A260F220} = {2D729599-C008-4154-BCCB-53E6A260F220}
	EndProjectSection
EndProject
Project("{8BC9CEB8-8B4A-11D0-8D11-00A0C91BC942}") = "baculafd", "filed\baculafd.vcproj", "{6A435DBB-4D3D-4DAE-8CB3-E0AF169A240B}"
	ProjectSection(ProjectDependencies) = postProject
		{2D729599-C008-4154-BCCB-53E6A260F220} = {2D729599-C008-4154-BCCB-53E6A260F220}
	EndProjectSection
EndProject
Project("{2150E333-8FDC-42A3-9474-1A3956D46DE8}") = "Solution Items", "Solution Items", "{825DFFD0-4747-43CA-8326-529655E31935}"
	ProjectSection(SolutionItems) = preProject
		build-depkgs-mingw32 = build-depkgs-mingw32
		build-msvc.cmd = build-msvc.cmd
		build-win32-cross-tools = build-win32-cross-tools
		External-mingw32 = External-mingw32
		README.mingw32 = README.mingw32
		README.vc8 = README.vc8
		README.win32 = README.win32
		..\..\technotes-1.39 = ..\..\technotes-1.39
	EndProjectSection
EndProject
Project("{2150E333-8FDC-42A3-9474-1A3956D46DE8}") = "Header Files", "Header Files", "{C8301485-CFD1-43D4-827C-8EA050C8E256}"
	ProjectSection(SolutionItems) = preProject
		..\baconfig.h = ..\baconfig.h
		..\bacula.h = ..\bacula.h
		..\bc_types.h = ..\bc_types.h
		..\jcr.h = ..\jcr.h
		..\version.h = ..\version.h
	EndProjectSection
EndProject
Project("{8BC9CEB8-8B4A-11D0-8D11-00A0C91BC942}") = "baculadird", "dird\dird.vcproj", "{D03415F7-654E-42F4-B0E9-CB8FBE3F22FA}"
	ProjectSection(ProjectDependencies) = postProject
		{2D729599-C008-4154-BCCB-53E6A260F220} = {2D729599-C008-4154-BCCB-53E6A260F220}
		{8B79A2B5-8889-43D4-9B92-9AE8A6F00413} = {8B79A2B5-8889-43D4-9B92-9AE8A6F00413}
	EndProjectSection
EndProject
Project("{8BC9CEB8-8B4A-11D0-8D11-00A0C91BC942}") = "baculasd", "stored\baculasd\baculasd.vcproj", "{F5F063F8-11A1-475A-82E2-19759BB40B25}"
	ProjectSection(ProjectDependencies) = postProject
		{CAD30B43-D93B-47D5-9161-6A3E9BADCC1D} = {CAD30B43-D93B-47D5-9161-6A3E9BADCC1D}
		{2D729599-C008-4154-BCCB-53E6A260F220} = {2D729599-C008-4154-BCCB-53E6A260F220}
	EndProjectSection
EndProject
Project("{8BC9CEB8-8B4A-11D0-8D11-00A0C91BC942}") = "bcopy", "stored\bcopy\bcopy.vcproj", "{614CE916-0972-4126-9392-CD9FC0ADD7DE}"
	ProjectSection(ProjectDependencies) = postProject
		{CAD30B43-D93B-47D5-9161-6A3E9BADCC1D} = {CAD30B43-D93B-47D5-9161-6A3E9BADCC1D}
		{2D729599-C008-4154-BCCB-53E6A260F220} = {2D729599-C008-4154-BCCB-53E6A260F220}
	EndProjectSection
EndProject
Project("{8BC9CEB8-8B4A-11D0-8D11-00A0C91BC942}") = "bextract", "stored\bextract\bextract.vcproj", "{6A7AA493-E46C-4994-B8D6-AA6C9C19C9BA}"
	ProjectSection(ProjectDependencies) = postProject
		{CAD30B43-D93B-47D5-9161-6A3E9BADCC1D} = {CAD30B43-D93B-47D5-9161-6A3E9BADCC1D}
		{2D729599-C008-4154-BCCB-53E6A260F220} = {2D729599-C008-4154-BCCB-53E6A260F220}
	EndProjectSection
EndProject
Project("{8BC9CEB8-8B4A-11D0-8D11-00A0C91BC942}") = "bls", "stored\bls\bls.vcproj", "{F8AF7D74-2918-422B-A7B6-4D98566B7160}"
	ProjectSection(ProjectDependencies) = postProject
		{CAD30B43-D93B-47D5-9161-6A3E9BADCC1D} = {CAD30B43-D93B-47D5-9161-6A3E9BADCC1D}
		{2D729599-C008-4154-BCCB-53E6A260F220} = {2D729599-C008-4154-BCCB-53E6A260F220}
	EndProjectSection
EndProject
Project("{8BC9CEB8-8B4A-11D0-8D11-00A0C91BC942}") = "bscan", "stored\bscan\bscan.vcproj", "{56EADEDB-FBED-4758-8B54-7B0B47ABDABF}"
	ProjectSection(ProjectDependencies) = postProject
		{CAD30B43-D93B-47D5-9161-6A3E9BADCC1D} = {CAD30B43-D93B-47D5-9161-6A3E9BADCC1D}
		{2D729599-C008-4154-BCCB-53E6A260F220} = {2D729599-C008-4154-BCCB-53E6A260F220}
	EndProjectSection
EndProject
Project("{8BC9CEB8-8B4A-11D0-8D11-00A0C91BC942}") = "btape", "stored\btape\btape.vcproj", "{496415E0-AF44-4AD8-8C99-91B837DDF469}"
	ProjectSection(ProjectDependencies) = postProject
		{CAD30B43-D93B-47D5-9161-6A3E9BADCC1D} = {CAD30B43-D93B-47D5-9161-6A3E9BADCC1D}
		{2D729599-C008-4154-BCCB-53E6A260F220} = {2D729599-C008-4154-BCCB-53E6A260F220}
	EndProjectSection
EndProject
Project("{8BC9CEB8-8B4A-11D0-8D11-00A0C91BC942}") = "storelib", "stored\storelib\storelib.vcproj", "{CAD30B43-D93B-47D5-9161-6A3E9BADCC1D}"
	ProjectSection(ProjectDependencies) = postProject
		{2D729599-C008-4154-BCCB-53E6A260F220} = {2D729599-C008-4154-BCCB-53E6A260F220}
		{8B79A2B5-8889-43D4-9B92-9AE8A6F00413} = {8B79A2B5-8889-43D4-9B92-9AE8A6F00413}
	EndProjectSection
EndProject
Project("{8BC9CEB8-8B4A-11D0-8D11-00A0C91BC942}") = "postest", "stored\postest\postest.vcproj", "{208D3989-794B-47A2-9D04-D7AEE1524078}"
	ProjectSection(ProjectDependencies) = postProject
		{CAD30B43-D93B-47D5-9161-6A3E9BADCC1D} = {CAD30B43-D93B-47D5-9161-6A3E9BADCC1D}
		{2D729599-C008-4154-BCCB-53E6A260F220} = {2D729599-C008-4154-BCCB-53E6A260F220}
	EndProjectSection
EndProject
Project("{2150E333-8FDC-42A3-9474-1A3956D46DE8}") = "Libraries", "Libraries", "{0377E151-3352-487B-A5CF-24BCDC9EC43F}"
EndProject
Project("{2150E333-8FDC-42A3-9474-1A3956D46DE8}") = "Test Tools", "Test Tools", "{D6767108-F420-41C0-A834-2E6F487E1AB3}"
EndProject
Project("{2150E333-8FDC-42A3-9474-1A3956D46DE8}") = "Daemons", "Daemons", "{B9099DDA-18C9-4DE0-AECB-5D8139EA619F}"
EndProject
Project("{2150E333-8FDC-42A3-9474-1A3956D46DE8}") = "Utilities", "Utilities", "{37F903FE-3474-4C93-AD5B-987CB6A92E62}"
EndProject
Project("{2150E333-8FDC-42A3-9474-1A3956D46DE8}") = "Consoles", "Consoles", "{C66C8B3B-C156-4498-91E9-CA9A24CF9051}"
EndProject
Project("{8BC9CEB8-8B4A-11D0-8D11-00A0C91BC942}") = "bacula", "bacula\bacula.vcproj", "{2D729599-C008-4154-BCCB-53E6A260F220}"
	ProjectSection(ProjectDependencies) = postProject
		{374BF775-AF68-4A88-814A-48F692DFFE5A} = {374BF775-AF68-4A88-814A-48F692DFFE5A}
	EndProjectSection
EndProject
Project("{8BC9CEB8-8B4A-11D0-8D11-00A0C91BC942}") = "cats_mysql", "cats\cats_mysql\cats_mysql.vcproj", "{B52BD53B-0E57-4E9A-A601-8E8171BA1CFC}"
	ProjectSection(ProjectDependencies) = postProject
		{2D729599-C008-4154-BCCB-53E6A260F220} = {2D729599-C008-4154-BCCB-53E6A260F220}
		{8B79A2B5-8889-43D4-9B92-9AE8A6F00413} = {8B79A2B5-8889-43D4-9B92-9AE8A6F00413}
	EndProjectSection
EndProject
Project("{8BC9CEB8-8B4A-11D0-8D11-00A0C91BC942}") = "bacula_cats", "cats\bacula_cats\bacula_cats.vcproj", "{8B79A2B5-8889-43D4-9B92-9AE8A6F00413}"
EndProject
Project("{8BC9CEB8-8B4A-11D0-8D11-00A0C91BC942}") = "dbcheck", "tools\dbcheck\dbcheck.vcproj", "{85696E20-777A-41F6-BC00-2E7AB375B171}"
	ProjectSection(ProjectDependencies) = postProject
		{2D729599-C008-4154-BCCB-53E6A260F220} = {2D729599-C008-4154-BCCB-53E6A260F220}
		{8B79A2B5-8889-43D4-9B92-9AE8A6F00413} = {8B79A2B5-8889-43D4-9B92-9AE8A6F00413}
	EndProjectSection
EndProject
Project("{8BC9CEB8-8B4A-11D0-8D11-00A0C91BC942}") = "cats_postgresql", "cats\cats_postgresql\cats_postgresql.vcproj", "{2FB961E5-213C-4475-8CB3-72F904D40752}"
	ProjectSection(ProjectDependencies) = postProject
		{2D729599-C008-4154-BCCB-53E6A260F220} = {2D729599-C008-4154-BCCB-53E6A260F220}
	EndProjectSection
EndProject
Project("{8BC9CEB8-8B4A-11D0-8D11-00A0C91BC942}") = "scsilist", "tools\scsilist\scsilist.vcproj", "{56D8C233-610E-4EE4-A73A-72CEF1C6A33A}"
EndProject
Project("{8BC9CEB8-8B4A-11D0-8D11-00A0C91BC942}") = "installer", "installer\installer.vcproj", "{6D1B0964-FB32-4916-A61C-49D7F715EAD8}"
	ProjectSection(ProjectDependencies) = postProject
		{A0F65E06-9F18-40AC-81F6-A080852F1104} = {A0F65E06-9F18-40AC-81F6-A080852F1104}
		{9BA8E10D-0D82-4B25-8543-DE34641FBC10} = {9BA8E10D-0D82-4B25-8543-DE34641FBC10}
		{614CE916-0972-4126-9392-CD9FC0ADD7DE} = {614CE916-0972-4126-9392-CD9FC0ADD7DE}
		{85696E20-777A-41F6-BC00-2E7AB375B171} = {85696E20-777A-41F6-BC00-2E7AB375B171}
		{E5BC5B2E-976D-4DED-AA07-5DD52BF2163F} = {E5BC5B2E-976D-4DED-AA07-5DD52BF2163F}
		{56D8C233-610E-4EE4-A73A-72CEF1C6A33A} = {56D8C233-610E-4EE4-A73A-72CEF1C6A33A}
		{23BFE838-5682-4F39-969F-0B40366D4D98} = {23BFE838-5682-4F39-969F-0B40366D4D98}
		{B52BD53B-0E57-4E9A-A601-8E8171BA1CFC} = {B52BD53B-0E57-4E9A-A601-8E8171BA1CFC}
		{CAD30B43-D93B-47D5-9161-6A3E9BADCC1D} = {CAD30B43-D93B-47D5-9161-6A3E9BADCC1D}
		{F8AF7D74-2918-422B-A7B6-4D98566B7160} = {F8AF7D74-2918-422B-A7B6-4D98566B7160}
		{374BF775-AF68-4A88-814A-48F692DFFE5A} = {374BF775-AF68-4A88-814A-48F692DFFE5A}
		{6A7AA493-E46C-4994-B8D6-AA6C9C19C9BA} = {6A7AA493-E46C-4994-B8D6-AA6C9C19C9BA}
		{AB67F297-8491-4515-8E52-BFF5340EC242} = {AB67F297-8491-4515-8E52-BFF5340EC242}
		{2D729599-C008-4154-BCCB-53E6A260F220} = {2D729599-C008-4154-BCCB-53E6A260F220}
		{0F56AEB0-14DA-4A80-8962-1F85A17339D0} = {0F56AEB0-14DA-4A80-8962-1F85A17339D0}
		{8B79A2B5-8889-43D4-9B92-9AE8A6F00413} = {8B79A2B5-8889-43D4-9B92-9AE8A6F00413}
		{6A435DBB-4D3D-4DAE-8CB3-E0AF169A240B} = {6A435DBB-4D3D-4DAE-8CB3-E0AF169A240B}
		{28FB58CE-AB8C-4C60-83DA-BC1BFCC59BFF} = {28FB58CE-AB8C-4C60-83DA-BC1BFCC59BFF}
		{56EADEDB-FBED-4758-8B54-7B0B47ABDABF} = {56EADEDB-FBED-4758-8B54-7B0B47ABDABF}
		{AAF33ADD-A4F9-4BCA-B7F9-0C35C843CC7E} = {AAF33ADD-A4F9-4BCA-B7F9-0C35C843CC7E}
		{496415E0-AF44-4AD8-8C99-91B837DDF469} = {496415E0-AF44-4AD8-8C99-91B837DDF469}
		{2FB961E5-213C-4475-8CB3-72F904D40752} = {2FB961E5-213C-4475-8CB3-72F904D40752}
		{D03415F7-654E-42F4-B0E9-CB8FBE3F22FA} = {D03415F7-654E-42F4-B0E9-CB8FBE3F22FA}
		{F5F063F8-11A1-475A-82E2-19759BB40B25} = {F5F063F8-11A1-475A-82E2-19759BB40B25}
		{558838F9-D792-4F56-AAB2-99C03687C5FF} = {558838F9-D792-4F56-AAB2-99C03687C5FF}
	EndProjectSection
EndProject
Project("{8BC9CEB8-8B4A-11D0-8D11-00A0C91BC942}") = "bsleep", "scripts\bsleep.vcproj", "{0F56AEB0-14DA-4A80-8962-1F85A17339D0}"
EndProject
Project("{8BC9CEB8-8B4A-11D0-8D11-00A0C91BC942}") = "bsmtp", "tools\bsmtp\bsmtp.vcproj", "{AB67F297-8491-4515-8E52-BFF5340EC242}"
	ProjectSection(ProjectDependencies) = postProject
		{2D729599-C008-4154-BCCB-53E6A260F220} = {2D729599-C008-4154-BCCB-53E6A260F220}
	EndProjectSection
EndProject
Project("{2150E333-8FDC-42A3-9474-1A3956D46DE8}") = "Scripts", "Scripts", "{40CADEE4-8D53-4157-AA36-B256F4934FC3}"
	ProjectSection(SolutionItems) = preProject
		build-depkgs-msvc.cmd = build-depkgs-msvc.cmd
		scripts\disk-changer.cmd = scripts\disk-changer.cmd
		scripts\dvd-handler.cmd = scripts\dvd-handler.cmd
		scripts\mtx-changer.cmd = scripts\mtx-changer.cmd
	EndProjectSection
EndProject
Project("{8BC9CEB8-8B4A-11D0-8D11-00A0C91BC942}") = "cats_sqlite3", "cats\cats_sqlite3\cats_sqlite3.vcproj", "{23BFE838-5682-4F39-969F-0B40366D4D98}"
	ProjectSection(ProjectDependencies) = postProject
		{2D729599-C008-4154-BCCB-53E6A260F220} = {2D729599-C008-4154-BCCB-53E6A260F220}
	EndProjectSection
EndProject
Global
	GlobalSection(SolutionConfigurationPlatforms) = preSolution
		Debug|Any CPU = Debug|Any CPU
		Debug|Win32 = Debug|Win32
		Release|Any CPU = Release|Any CPU
		Release|Win32 = Release|Win32
	EndGlobalSection
	GlobalSection(ProjectConfigurationPlatforms) = postSolution
		{9BA8E10D-0D82-4B25-8543-DE34641FBC10}.Debug|Any CPU.ActiveCfg = Debug|Win32
		{9BA8E10D-0D82-4B25-8543-DE34641FBC10}.Debug|Win32.ActiveCfg = Debug|Win32
		{9BA8E10D-0D82-4B25-8543-DE34641FBC10}.Debug|Win32.Build.0 = Debug|Win32
		{9BA8E10D-0D82-4B25-8543-DE34641FBC10}.Release|Any CPU.ActiveCfg = Release|Win32
		{9BA8E10D-0D82-4B25-8543-DE34641FBC10}.Release|Win32.ActiveCfg = Release|Win32
		{9BA8E10D-0D82-4B25-8543-DE34641FBC10}.Release|Win32.Build.0 = Release|Win32
		{A0F65E06-9F18-40AC-81F6-A080852F1104}.Debug|Any CPU.ActiveCfg = Debug|Win32
		{A0F65E06-9F18-40AC-81F6-A080852F1104}.Debug|Win32.ActiveCfg = Debug|Win32
		{A0F65E06-9F18-40AC-81F6-A080852F1104}.Debug|Win32.Build.0 = Debug|Win32
		{A0F65E06-9F18-40AC-81F6-A080852F1104}.Release|Any CPU.ActiveCfg = Release|Win32
		{A0F65E06-9F18-40AC-81F6-A080852F1104}.Release|Win32.ActiveCfg = Release|Win32
		{A0F65E06-9F18-40AC-81F6-A080852F1104}.Release|Win32.Build.0 = Release|Win32
		{AAF33ADD-A4F9-4BCA-B7F9-0C35C843CC7E}.Debug|Any CPU.ActiveCfg = Debug|Win32
		{AAF33ADD-A4F9-4BCA-B7F9-0C35C843CC7E}.Debug|Win32.ActiveCfg = Debug|Win32
		{AAF33ADD-A4F9-4BCA-B7F9-0C35C843CC7E}.Debug|Win32.Build.0 = Debug|Win32
		{AAF33ADD-A4F9-4BCA-B7F9-0C35C843CC7E}.Release|Any CPU.ActiveCfg = Release|Win32
		{AAF33ADD-A4F9-4BCA-B7F9-0C35C843CC7E}.Release|Win32.ActiveCfg = Release|Win32
		{AAF33ADD-A4F9-4BCA-B7F9-0C35C843CC7E}.Release|Win32.Build.0 = Release|Win32
		{374BF775-AF68-4A88-814A-48F692DFFE5A}.Debug|Any CPU.ActiveCfg = Debug|Win32
		{374BF775-AF68-4A88-814A-48F692DFFE5A}.Debug|Win32.ActiveCfg = Debug|Win32
		{374BF775-AF68-4A88-814A-48F692DFFE5A}.Debug|Win32.Build.0 = Debug|Win32
		{374BF775-AF68-4A88-814A-48F692DFFE5A}.Release|Any CPU.ActiveCfg = Release|Win32
		{374BF775-AF68-4A88-814A-48F692DFFE5A}.Release|Win32.ActiveCfg = Release|Win32
		{374BF775-AF68-4A88-814A-48F692DFFE5A}.Release|Win32.Build.0 = Release|Win32
		{E5BC5B2E-976D-4DED-AA07-5DD52BF2163F}.Debug|Any CPU.ActiveCfg = Debug|Win32
		{E5BC5B2E-976D-4DED-AA07-5DD52BF2163F}.Debug|Win32.ActiveCfg = Debug|Win32
		{E5BC5B2E-976D-4DED-AA07-5DD52BF2163F}.Debug|Win32.Build.0 = Debug|Win32
		{E5BC5B2E-976D-4DED-AA07-5DD52BF2163F}.Release|Any CPU.ActiveCfg = Release|Win32
		{E5BC5B2E-976D-4DED-AA07-5DD52BF2163F}.Release|Win32.ActiveCfg = Release|Win32
		{E5BC5B2E-976D-4DED-AA07-5DD52BF2163F}.Release|Win32.Build.0 = Release|Win32
		{558838F9-D792-4F56-AAB2-99C03687C5FF}.Debug|Any CPU.ActiveCfg = Debug|Win32
		{558838F9-D792-4F56-AAB2-99C03687C5FF}.Debug|Win32.ActiveCfg = Debug|Win32
		{558838F9-D792-4F56-AAB2-99C03687C5FF}.Debug|Win32.Build.0 = Debug|Win32
		{558838F9-D792-4F56-AAB2-99C03687C5FF}.Release|Any CPU.ActiveCfg = Release|Win32
		{558838F9-D792-4F56-AAB2-99C03687C5FF}.Release|Win32.ActiveCfg = Release|Win32
		{558838F9-D792-4F56-AAB2-99C03687C5FF}.Release|Win32.Build.0 = Release|Win32
		{28FB58CE-AB8C-4C60-83DA-BC1BFCC59BFF}.Debug|Any CPU.ActiveCfg = Debug|Win32
		{28FB58CE-AB8C-4C60-83DA-BC1BFCC59BFF}.Debug|Win32.ActiveCfg = Debug|Win32
		{28FB58CE-AB8C-4C60-83DA-BC1BFCC59BFF}.Debug|Win32.Build.0 = Debug|Win32
		{28FB58CE-AB8C-4C60-83DA-BC1BFCC59BFF}.Release|Any CPU.ActiveCfg = Release|Win32
		{28FB58CE-AB8C-4C60-83DA-BC1BFCC59BFF}.Release|Win32.ActiveCfg = Release|Win32
		{28FB58CE-AB8C-4C60-83DA-BC1BFCC59BFF}.Release|Win32.Build.0 = Release|Win32
		{6A435DBB-4D3D-4DAE-8CB3-E0AF169A240B}.Debug|Any CPU.ActiveCfg = Debug|Win32
		{6A435DBB-4D3D-4DAE-8CB3-E0AF169A240B}.Debug|Win32.ActiveCfg = Debug|Win32
		{6A435DBB-4D3D-4DAE-8CB3-E0AF169A240B}.Debug|Win32.Build.0 = Debug|Win32
		{6A435DBB-4D3D-4DAE-8CB3-E0AF169A240B}.Release|Any CPU.ActiveCfg = Release|Win32
		{6A435DBB-4D3D-4DAE-8CB3-E0AF169A240B}.Release|Win32.ActiveCfg = Release|Win32
		{6A435DBB-4D3D-4DAE-8CB3-E0AF169A240B}.Release|Win32.Build.0 = Release|Win32
		{D03415F7-654E-42F4-B0E9-CB8FBE3F22FA}.Debug|Any CPU.ActiveCfg = Debug|Win32
		{D03415F7-654E-42F4-B0E9-CB8FBE3F22FA}.Debug|Win32.ActiveCfg = Debug|Win32
		{D03415F7-654E-42F4-B0E9-CB8FBE3F22FA}.Debug|Win32.Build.0 = Debug|Win32
		{D03415F7-654E-42F4-B0E9-CB8FBE3F22FA}.Release|Any CPU.ActiveCfg = Release|Win32
		{D03415F7-654E-42F4-B0E9-CB8FBE3F22FA}.Release|Win32.ActiveCfg = Release|Win32
		{D03415F7-654E-42F4-B0E9-CB8FBE3F22FA}.Release|Win32.Build.0 = Release|Win32
		{F5F063F8-11A1-475A-82E2-19759BB40B25}.Debug|Any CPU.ActiveCfg = Debug|Win32
		{F5F063F8-11A1-475A-82E2-19759BB40B25}.Debug|Win32.ActiveCfg = Debug|Win32
		{F5F063F8-11A1-475A-82E2-19759BB40B25}.Debug|Win32.Build.0 = Debug|Win32
		{F5F063F8-11A1-475A-82E2-19759BB40B25}.Release|Any CPU.ActiveCfg = Release|Win32
		{F5F063F8-11A1-475A-82E2-19759BB40B25}.Release|Win32.ActiveCfg = Release|Win32
		{F5F063F8-11A1-475A-82E2-19759BB40B25}.Release|Win32.Build.0 = Release|Win32
		{614CE916-0972-4126-9392-CD9FC0ADD7DE}.Debug|Any CPU.ActiveCfg = Debug|Win32
		{614CE916-0972-4126-9392-CD9FC0ADD7DE}.Debug|Win32.ActiveCfg = Debug|Win32
		{614CE916-0972-4126-9392-CD9FC0ADD7DE}.Debug|Win32.Build.0 = Debug|Win32
		{614CE916-0972-4126-9392-CD9FC0ADD7DE}.Release|Any CPU.ActiveCfg = Release|Win32
		{614CE916-0972-4126-9392-CD9FC0ADD7DE}.Release|Win32.ActiveCfg = Release|Win32
		{614CE916-0972-4126-9392-CD9FC0ADD7DE}.Release|Win32.Build.0 = Release|Win32
		{6A7AA493-E46C-4994-B8D6-AA6C9C19C9BA}.Debug|Any CPU.ActiveCfg = Debug|Win32
		{6A7AA493-E46C-4994-B8D6-AA6C9C19C9BA}.Debug|Win32.ActiveCfg = Debug|Win32
		{6A7AA493-E46C-4994-B8D6-AA6C9C19C9BA}.Debug|Win32.Build.0 = Debug|Win32
		{6A7AA493-E46C-4994-B8D6-AA6C9C19C9BA}.Release|Any CPU.ActiveCfg = Release|Win32
		{6A7AA493-E46C-4994-B8D6-AA6C9C19C9BA}.Release|Win32.ActiveCfg = Release|Win32
		{6A7AA493-E46C-4994-B8D6-AA6C9C19C9BA}.Release|Win32.Build.0 = Release|Win32
		{F8AF7D74-2918-422B-A7B6-4D98566B7160}.Debug|Any CPU.ActiveCfg = Debug|Win32
		{F8AF7D74-2918-422B-A7B6-4D98566B7160}.Debug|Win32.ActiveCfg = Debug|Win32
		{F8AF7D74-2918-422B-A7B6-4D98566B7160}.Debug|Win32.Build.0 = Debug|Win32
		{F8AF7D74-2918-422B-A7B6-4D98566B7160}.Release|Any CPU.ActiveCfg = Release|Win32
		{F8AF7D74-2918-422B-A7B6-4D98566B7160}.Release|Win32.ActiveCfg = Release|Win32
		{F8AF7D74-2918-422B-A7B6-4D98566B7160}.Release|Win32.Build.0 = Release|Win32
		{56EADEDB-FBED-4758-8B54-7B0B47ABDABF}.Debug|Any CPU.ActiveCfg = Debug|Win32
		{56EADEDB-FBED-4758-8B54-7B0B47ABDABF}.Debug|Win32.ActiveCfg = Debug|Win32
		{56EADEDB-FBED-4758-8B54-7B0B47ABDABF}.Debug|Win32.Build.0 = Debug|Win32
		{56EADEDB-FBED-4758-8B54-7B0B47ABDABF}.Release|Any CPU.ActiveCfg = Release|Win32
		{56EADEDB-FBED-4758-8B54-7B0B47ABDABF}.Release|Win32.ActiveCfg = Release|Win32
		{56EADEDB-FBED-4758-8B54-7B0B47ABDABF}.Release|Win32.Build.0 = Release|Win32
		{496415E0-AF44-4AD8-8C99-91B837DDF469}.Debug|Any CPU.ActiveCfg = Debug|Win32
		{496415E0-AF44-4AD8-8C99-91B837DDF469}.Debug|Win32.ActiveCfg = Debug|Win32
		{496415E0-AF44-4AD8-8C99-91B837DDF469}.Debug|Win32.Build.0 = Debug|Win32
		{496415E0-AF44-4AD8-8C99-91B837DDF469}.Release|Any CPU.ActiveCfg = Release|Win32
		{496415E0-AF44-4AD8-8C99-91B837DDF469}.Release|Win32.ActiveCfg = Release|Win32
		{496415E0-AF44-4AD8-8C99-91B837DDF469}.Release|Win32.Build.0 = Release|Win32
		{CAD30B43-D93B-47D5-9161-6A3E9BADCC1D}.Debug|Any CPU.ActiveCfg = Debug|Win32
		{CAD30B43-D93B-47D5-9161-6A3E9BADCC1D}.Debug|Win32.ActiveCfg = Debug|Win32
		{CAD30B43-D93B-47D5-9161-6A3E9BADCC1D}.Debug|Win32.Build.0 = Debug|Win32
		{CAD30B43-D93B-47D5-9161-6A3E9BADCC1D}.Release|Any CPU.ActiveCfg = Release|Win32
		{CAD30B43-D93B-47D5-9161-6A3E9BADCC1D}.Release|Win32.ActiveCfg = Release|Win32
		{CAD30B43-D93B-47D5-9161-6A3E9BADCC1D}.Release|Win32.Build.0 = Release|Win32
		{208D3989-794B-47A2-9D04-D7AEE1524078}.Debug|Any CPU.ActiveCfg = Debug|Win32
		{208D3989-794B-47A2-9D04-D7AEE1524078}.Debug|Win32.ActiveCfg = Debug|Win32
		{208D3989-794B-47A2-9D04-D7AEE1524078}.Release|Any CPU.ActiveCfg = Release|Win32
		{208D3989-794B-47A2-9D04-D7AEE1524078}.Release|Win32.ActiveCfg = Release|Win32
		{2D729599-C008-4154-BCCB-53E6A260F220}.Debug|Any CPU.ActiveCfg = Debug|Win32
		{2D729599-C008-4154-BCCB-53E6A260F220}.Debug|Win32.ActiveCfg = Debug|Win32
		{2D729599-C008-4154-BCCB-53E6A260F220}.Debug|Win32.Build.0 = Debug|Win32
		{2D729599-C008-4154-BCCB-53E6A260F220}.Release|Any CPU.ActiveCfg = Release|Win32
		{2D729599-C008-4154-BCCB-53E6A260F220}.Release|Win32.ActiveCfg = Release|Win32
		{2D729599-C008-4154-BCCB-53E6A260F220}.Release|Win32.Build.0 = Release|Win32
		{B52BD53B-0E57-4E9A-A601-8E8171BA1CFC}.Debug|Any CPU.ActiveCfg = Debug|Win32
		{B52BD53B-0E57-4E9A-A601-8E8171BA1CFC}.Debug|Win32.ActiveCfg = Debug|Win32
		{B52BD53B-0E57-4E9A-A601-8E8171BA1CFC}.Debug|Win32.Build.0 = Debug|Win32
		{B52BD53B-0E57-4E9A-A601-8E8171BA1CFC}.Release|Any CPU.ActiveCfg = Release|Win32
		{B52BD53B-0E57-4E9A-A601-8E8171BA1CFC}.Release|Win32.ActiveCfg = Release|Win32
		{B52BD53B-0E57-4E9A-A601-8E8171BA1CFC}.Release|Win32.Build.0 = Release|Win32
		{8B79A2B5-8889-43D4-9B92-9AE8A6F00413}.Debug|Any CPU.ActiveCfg = Debug|Win32
		{8B79A2B5-8889-43D4-9B92-9AE8A6F00413}.Debug|Win32.ActiveCfg = Debug|Win32
		{8B79A2B5-8889-43D4-9B92-9AE8A6F00413}.Debug|Win32.Build.0 = Debug|Win32
		{8B79A2B5-8889-43D4-9B92-9AE8A6F00413}.Release|Any CPU.ActiveCfg = Release|Win32
		{8B79A2B5-8889-43D4-9B92-9AE8A6F00413}.Release|Win32.ActiveCfg = Release|Win32
		{8B79A2B5-8889-43D4-9B92-9AE8A6F00413}.Release|Win32.Build.0 = Release|Win32
		{85696E20-777A-41F6-BC00-2E7AB375B171}.Debug|Any CPU.ActiveCfg = Debug|Win32
		{85696E20-777A-41F6-BC00-2E7AB375B171}.Debug|Win32.ActiveCfg = Debug|Win32
		{85696E20-777A-41F6-BC00-2E7AB375B171}.Debug|Win32.Build.0 = Debug|Win32
		{85696E20-777A-41F6-BC00-2E7AB375B171}.Release|Any CPU.ActiveCfg = Release|Win32
		{85696E20-777A-41F6-BC00-2E7AB375B171}.Release|Win32.ActiveCfg = Release|Win32
		{85696E20-777A-41F6-BC00-2E7AB375B171}.Release|Win32.Build.0 = Release|Win32
		{2FB961E5-213C-4475-8CB3-72F904D40752}.Debug|Any CPU.ActiveCfg = Debug|Win32
		{2FB961E5-213C-4475-8CB3-72F904D40752}.Debug|Win32.ActiveCfg = Debug|Win32
		{2FB961E5-213C-4475-8CB3-72F904D40752}.Debug|Win32.Build.0 = Debug|Win32
		{2FB961E5-213C-4475-8CB3-72F904D40752}.Release|Any CPU.ActiveCfg = Release|Win32
		{2FB961E5-213C-4475-8CB3-72F904D40752}.Release|Win32.ActiveCfg = Release|Win32
		{2FB961E5-213C-4475-8CB3-72F904D40752}.Release|Win32.Build.0 = Release|Win32
		{56D8C233-610E-4EE4-A73A-72CEF1C6A33A}.Debug|Any CPU.ActiveCfg = Debug|Win32
		{56D8C233-610E-4EE4-A73A-72CEF1C6A33A}.Debug|Win32.ActiveCfg = Debug|Win32
		{56D8C233-610E-4EE4-A73A-72CEF1C6A33A}.Debug|Win32.Build.0 = Debug|Win32
		{56D8C233-610E-4EE4-A73A-72CEF1C6A33A}.Release|Any CPU.ActiveCfg = Release|Win32
		{56D8C233-610E-4EE4-A73A-72CEF1C6A33A}.Release|Win32.ActiveCfg = Release|Win32
		{56D8C233-610E-4EE4-A73A-72CEF1C6A33A}.Release|Win32.Build.0 = Release|Win32
		{6D1B0964-FB32-4916-A61C-49D7F715EAD8}.Debug|Any CPU.ActiveCfg = Debug|Win32
		{6D1B0964-FB32-4916-A61C-49D7F715EAD8}.Debug|Win32.ActiveCfg = Debug|Win32
		{6D1B0964-FB32-4916-A61C-49D7F715EAD8}.Debug|Win32.Build.0 = Debug|Win32
		{6D1B0964-FB32-4916-A61C-49D7F715EAD8}.Release|Any CPU.ActiveCfg = Release|Win32
		{6D1B0964-FB32-4916-A61C-49D7F715EAD8}.Release|Win32.ActiveCfg = Release|Win32
		{6D1B0964-FB32-4916-A61C-49D7F715EAD8}.Release|Win32.Build.0 = Release|Win32
		{0F56AEB0-14DA-4A80-8962-1F85A17339D0}.Debug|Any CPU.ActiveCfg = Debug|Win32
		{0F56AEB0-14DA-4A80-8962-1F85A17339D0}.Debug|Win32.ActiveCfg = Debug|Win32
		{0F56AEB0-14DA-4A80-8962-1F85A17339D0}.Debug|Win32.Build.0 = Debug|Win32
		{0F56AEB0-14DA-4A80-8962-1F85A17339D0}.Release|Any CPU.ActiveCfg = Release|Win32
		{0F56AEB0-14DA-4A80-8962-1F85A17339D0}.Release|Win32.ActiveCfg = Release|Win32
		{0F56AEB0-14DA-4A80-8962-1F85A17339D0}.Release|Win32.Build.0 = Release|Win32
		{AB67F297-8491-4515-8E52-BFF5340EC242}.Debug|Any CPU.ActiveCfg = Debug|Win32
		{AB67F297-8491-4515-8E52-BFF5340EC242}.Debug|Win32.ActiveCfg = Debug|Win32
		{AB67F297-8491-4515-8E52-BFF5340EC242}.Debug|Win32.Build.0 = Debug|Win32
		{AB67F297-8491-4515-8E52-BFF5340EC242}.Release|Any CPU.ActiveCfg = Release|Win32
		{AB67F297-8491-4515-8E52-BFF5340EC242}.Release|Win32.ActiveCfg = Release|Win32
		{AB67F297-8491-4515-8E52-BFF5340EC242}.Release|Win32.Build.0 = Release|Win32
		{23BFE838-5682-4F39-969F-0B40366D4D98}.Debug|Any CPU.ActiveCfg = Debug|Win32
		{23BFE838-5682-4F39-969F-0B40366D4D98}.Debug|Win32.ActiveCfg = Debug|Win32
		{23BFE838-5682-4F39-969F-0B40366D4D98}.Debug|Win32.Build.0 = Debug|Win32
		{23BFE838-5682-4F39-969F-0B40366D4D98}.Release|Any CPU.ActiveCfg = Release|Win32
		{23BFE838-5682-4F39-969F-0B40366D4D98}.Release|Win32.ActiveCfg = Release|Win32
		{23BFE838-5682-4F39-969F-0B40366D4D98}.Release|Win32.Build.0 = Release|Win32
	EndGlobalSection
	GlobalSection(SolutionProperties) = preSolution
		HideSolutionNode = FALSE
	EndGlobalSection
	GlobalSection(NestedProjects) = preSolution
		{A0F65E06-9F18-40AC-81F6-A080852F1104} = {C66C8B3B-C156-4498-91E9-CA9A24CF9051}
		{9BA8E10D-0D82-4B25-8543-DE34641FBC10} = {C66C8B3B-C156-4498-91E9-CA9A24CF9051}
		{E5BC5B2E-976D-4DED-AA07-5DD52BF2163F} = {D6767108-F420-41C0-A834-2E6F487E1AB3}
		{558838F9-D792-4F56-AAB2-99C03687C5FF} = {D6767108-F420-41C0-A834-2E6F487E1AB3}
		{28FB58CE-AB8C-4C60-83DA-BC1BFCC59BFF} = {D6767108-F420-41C0-A834-2E6F487E1AB3}
		{208D3989-794B-47A2-9D04-D7AEE1524078} = {D6767108-F420-41C0-A834-2E6F487E1AB3}
		{AAF33ADD-A4F9-4BCA-B7F9-0C35C843CC7E} = {D6767108-F420-41C0-A834-2E6F487E1AB3}
		{CAD30B43-D93B-47D5-9161-6A3E9BADCC1D} = {0377E151-3352-487B-A5CF-24BCDC9EC43F}
		{374BF775-AF68-4A88-814A-48F692DFFE5A} = {0377E151-3352-487B-A5CF-24BCDC9EC43F}
		{2D729599-C008-4154-BCCB-53E6A260F220} = {0377E151-3352-487B-A5CF-24BCDC9EC43F}
		{B52BD53B-0E57-4E9A-A601-8E8171BA1CFC} = {0377E151-3352-487B-A5CF-24BCDC9EC43F}
		{8B79A2B5-8889-43D4-9B92-9AE8A6F00413} = {0377E151-3352-487B-A5CF-24BCDC9EC43F}
		{2FB961E5-213C-4475-8CB3-72F904D40752} = {0377E151-3352-487B-A5CF-24BCDC9EC43F}
		{23BFE838-5682-4F39-969F-0B40366D4D98} = {0377E151-3352-487B-A5CF-24BCDC9EC43F}
		{D03415F7-654E-42F4-B0E9-CB8FBE3F22FA} = {B9099DDA-18C9-4DE0-AECB-5D8139EA619F}
		{F5F063F8-11A1-475A-82E2-19759BB40B25} = {B9099DDA-18C9-4DE0-AECB-5D8139EA619F}
		{6A435DBB-4D3D-4DAE-8CB3-E0AF169A240B} = {B9099DDA-18C9-4DE0-AECB-5D8139EA619F}
		{C8301485-CFD1-43D4-827C-8EA050C8E256} = {825DFFD0-4747-43CA-8326-529655E31935}
		{40CADEE4-8D53-4157-AA36-B256F4934FC3} = {825DFFD0-4747-43CA-8326-529655E31935}
		{6A7AA493-E46C-4994-B8D6-AA6C9C19C9BA} = {37F903FE-3474-4C93-AD5B-987CB6A92E62}
		{F8AF7D74-2918-422B-A7B6-4D98566B7160} = {37F903FE-3474-4C93-AD5B-987CB6A92E62}
		{56EADEDB-FBED-4758-8B54-7B0B47ABDABF} = {37F903FE-3474-4C93-AD5B-987CB6A92E62}
		{496415E0-AF44-4AD8-8C99-91B837DDF469} = {37F903FE-3474-4C93-AD5B-987CB6A92E62}
		{614CE916-0972-4126-9392-CD9FC0ADD7DE} = {37F903FE-3474-4C93-AD5B-987CB6A92E62}
		{85696E20-777A-41F6-BC00-2E7AB375B171} = {37F903FE-3474-4C93-AD5B-987CB6A92E62}
		{56D8C233-610E-4EE4-A73A-72CEF1C6A33A} = {37F903FE-3474-4C93-AD5B-987CB6A92E62}
		{0F56AEB0-14DA-4A80-8962-1F85A17339D0} = {37F903FE-3474-4C93-AD5B-987CB6A92E62}
		{AB67F297-8491-4515-8E52-BFF5340EC242} = {37F903FE-3474-4C93-AD5B-987CB6A92E62}
	EndGlobalSection
EndGlobal
